
Microsoft Visual Studio Solution File, Format Version 12.00
# Visual Studio 15
VisualStudioVersion = 15.0.28010.2003
MinimumVisualStudioVersion = 10.0.40219.1
Project("{888888A0-9F3D-457C-B088-3A5042F75D52}") = "RFBOT", "RFBOT\RFBOT.pyproj", "{5CBA7BB9-348C-47D6-A232-AC180E1B8791}"
EndProject
Global
	GlobalSection(SolutionConfigurationPlatforms) = preSolution
		Debug|Any CPU = Debug|Any CPU
		Release|Any CPU = Release|Any CPU
	EndGlobalSection
	GlobalSection(ProjectConfigurationPlatforms) = postSolution
		{5CBA7BB9-348C-47D6-A232-AC180E1B8791}.Debug|Any CPU.ActiveCfg = Debug|Any CPU
		{5CBA7BB9-348C-47D6-A232-AC180E1B8791}.Release|Any CPU.ActiveCfg = Release|Any CPU
	EndGlobalSection
	GlobalSection(SolutionProperties) = preSolution
		HideSolutionNode = FALSE
	EndGlobalSection
	GlobalSection(ExtensibilityGlobals) = postSolution
		SolutionGuid = {3D1FDC6E-5307-49A8-BA7E-904109AD9E92}
	EndGlobalSection
EndGlobal
